
Microsoft Visual Studio Solution File, Format Version 12.00
# Visual Studio Version 17
VisualStudioVersion = 17.8.34330.188
MinimumVisualStudioVersion = 10.0.40219.1
Project("{00D1A9C2-B5F0-4AF3-8072-F6C62B433612}") = "SystemDB", "SystemDB\SystemDB.sqlproj", "{2FA185DB-6324-4EFB-831F-BF2226198AE3}"
EndProject
Project("{FAE04EC0-301F-11D3-BF4B-00C04F79EFBC}") = "SystemLibrary", "SystemLibrary\SystemLibrary.csproj", "{2AE731E9-ED2B-42B4-A41C-B64DED44355A}"
EndProject
Project("{FAE04EC0-301F-11D3-BF4B-00C04F79EFBC}") = "WebAPI", "WebAPI\WebAPI.csproj", "{44650C6C-A90D-4D24-9843-7A04706667C2}"
EndProject
Global
	GlobalSection(SolutionConfigurationPlatforms) = preSolution
		Debug|Any CPU = Debug|Any CPU
		Release|Any CPU = Release|Any CPU
	EndGlobalSection
	GlobalSection(ProjectConfigurationPlatforms) = postSolution
		{2FA185DB-6324-4EFB-831F-BF2226198AE3}.Debug|Any CPU.ActiveCfg = Debug|Any CPU
		{2FA185DB-6324-4EFB-831F-BF2226198AE3}.Debug|Any CPU.Build.0 = Debug|Any CPU
		{2FA185DB-6324-4EFB-831F-BF2226198AE3}.Debug|Any CPU.Deploy.0 = Debug|Any CPU
		{2FA185DB-6324-4EFB-831F-BF2226198AE3}.Release|Any CPU.ActiveCfg = Release|Any CPU
		{2FA185DB-6324-4EFB-831F-BF2226198AE3}.Release|Any CPU.Build.0 = Release|Any CPU
		{2FA185DB-6324-4EFB-831F-BF2226198AE3}.Release|Any CPU.Deploy.0 = Release|Any CPU
		{2AE731E9-ED2B-42B4-A41C-B64DED44355A}.Debug|Any CPU.ActiveCfg = Debug|Any CPU
		{2AE731E9-ED2B-42B4-A41C-B64DED44355A}.Debug|Any CPU.Build.0 = Debug|Any CPU
		{2AE731E9-ED2B-42B4-A41C-B64DED44355A}.Release|Any CPU.ActiveCfg = Release|Any CPU
		{2AE731E9-ED2B-42B4-A41C-B64DED44355A}.Release|Any CPU.Build.0 = Release|Any CPU
		{44650C6C-A90D-4D24-9843-7A04706667C2}.Debug|Any CPU.ActiveCfg = Debug|Any CPU
		{44650C6C-A90D-4D24-9843-7A04706667C2}.Debug|Any CPU.Build.0 = Debug|Any CPU
		{44650C6C-A90D-4D24-9843-7A04706667C2}.Release|Any CPU.ActiveCfg = Release|Any CPU
		{44650C6C-A90D-4D24-9843-7A04706667C2}.Release|Any CPU.Build.0 = Release|Any CPU
	EndGlobalSection
	GlobalSection(SolutionProperties) = preSolution
		HideSolutionNode = FALSE
	EndGlobalSection
	GlobalSection(ExtensibilityGlobals) = postSolution
		SolutionGuid = {931EF832-A0DC-4132-AB0C-45E1C2EE3E9C}
	EndGlobalSection
EndGlobal
